
Microsoft Visual Studio Solution File, Format Version 12.00
# Visual Studio 15
VisualStudioVersion = 15.0.26124.0
MinimumVisualStudioVersion = 15.0.26124.0
Project("{F2A71F9B-5D33-465A-A702-920D77279786}") = "ronnies.be", "infrastructure\infrastructure.fsproj", "{A6CE5AF5-8074-46A4-B405-EC8455E65C0A}"
EndProject
Project("{F2A71F9B-5D33-465A-A702-920D77279786}") = "client", "src\client\fsharp\client.fsproj", "{BDA5B42A-7677-4904-930B-CF87632C3B57}"
EndProject
Project("{F2A71F9B-5D33-465A-A702-920D77279786}") = "server", "src\server\server.fsproj", "{AE14B088-99E1-468F-BCEA-4D9CEB99D2DF}"
EndProject
Global
	GlobalSection(SolutionConfigurationPlatforms) = preSolution
		Debug|Any CPU = Debug|Any CPU
		Debug|x64 = Debug|x64
		Debug|x86 = Debug|x86
		Release|Any CPU = Release|Any CPU
		Release|x64 = Release|x64
		Release|x86 = Release|x86
	EndGlobalSection
	GlobalSection(SolutionProperties) = preSolution
		HideSolutionNode = FALSE
	EndGlobalSection
	GlobalSection(ProjectConfigurationPlatforms) = postSolution
		{A6CE5AF5-8074-46A4-B405-EC8455E65C0A}.Debug|Any CPU.ActiveCfg = Debug|Any CPU
		{A6CE5AF5-8074-46A4-B405-EC8455E65C0A}.Debug|Any CPU.Build.0 = Debug|Any CPU
		{A6CE5AF5-8074-46A4-B405-EC8455E65C0A}.Debug|x64.ActiveCfg = Debug|Any CPU
		{A6CE5AF5-8074-46A4-B405-EC8455E65C0A}.Debug|x64.Build.0 = Debug|Any CPU
		{A6CE5AF5-8074-46A4-B405-EC8455E65C0A}.Debug|x86.ActiveCfg = Debug|Any CPU
		{A6CE5AF5-8074-46A4-B405-EC8455E65C0A}.Debug|x86.Build.0 = Debug|Any CPU
		{A6CE5AF5-8074-46A4-B405-EC8455E65C0A}.Release|Any CPU.ActiveCfg = Release|Any CPU
		{A6CE5AF5-8074-46A4-B405-EC8455E65C0A}.Release|Any CPU.Build.0 = Release|Any CPU
		{A6CE5AF5-8074-46A4-B405-EC8455E65C0A}.Release|x64.ActiveCfg = Release|Any CPU
		{A6CE5AF5-8074-46A4-B405-EC8455E65C0A}.Release|x64.Build.0 = Release|Any CPU
		{A6CE5AF5-8074-46A4-B405-EC8455E65C0A}.Release|x86.ActiveCfg = Release|Any CPU
		{A6CE5AF5-8074-46A4-B405-EC8455E65C0A}.Release|x86.Build.0 = Release|Any CPU
		{BDA5B42A-7677-4904-930B-CF87632C3B57}.Debug|Any CPU.ActiveCfg = Debug|Any CPU
		{BDA5B42A-7677-4904-930B-CF87632C3B57}.Debug|Any CPU.Build.0 = Debug|Any CPU
		{BDA5B42A-7677-4904-930B-CF87632C3B57}.Debug|x64.ActiveCfg = Debug|Any CPU
		{BDA5B42A-7677-4904-930B-CF87632C3B57}.Debug|x64.Build.0 = Debug|Any CPU
		{BDA5B42A-7677-4904-930B-CF87632C3B57}.Debug|x86.ActiveCfg = Debug|Any CPU
		{BDA5B42A-7677-4904-930B-CF87632C3B57}.Debug|x86.Build.0 = Debug|Any CPU
		{BDA5B42A-7677-4904-930B-CF87632C3B57}.Release|Any CPU.ActiveCfg = Release|Any CPU
		{BDA5B42A-7677-4904-930B-CF87632C3B57}.Release|Any CPU.Build.0 = Release|Any CPU
		{BDA5B42A-7677-4904-930B-CF87632C3B57}.Release|x64.ActiveCfg = Release|Any CPU
		{BDA5B42A-7677-4904-930B-CF87632C3B57}.Release|x64.Build.0 = Release|Any CPU
		{BDA5B42A-7677-4904-930B-CF87632C3B57}.Release|x86.ActiveCfg = Release|Any CPU
		{BDA5B42A-7677-4904-930B-CF87632C3B57}.Release|x86.Build.0 = Release|Any CPU
		{AE14B088-99E1-468F-BCEA-4D9CEB99D2DF}.Debug|Any CPU.ActiveCfg = Debug|Any CPU
		{AE14B088-99E1-468F-BCEA-4D9CEB99D2DF}.Debug|Any CPU.Build.0 = Debug|Any CPU
		{AE14B088-99E1-468F-BCEA-4D9CEB99D2DF}.Debug|x64.ActiveCfg = Debug|Any CPU
		{AE14B088-99E1-468F-BCEA-4D9CEB99D2DF}.Debug|x64.Build.0 = Debug|Any CPU
		{AE14B088-99E1-468F-BCEA-4D9CEB99D2DF}.Debug|x86.ActiveCfg = Debug|Any CPU
		{AE14B088-99E1-468F-BCEA-4D9CEB99D2DF}.Debug|x86.Build.0 = Debug|Any CPU
		{AE14B088-99E1-468F-BCEA-4D9CEB99D2DF}.Release|Any CPU.ActiveCfg = Release|Any CPU
		{AE14B088-99E1-468F-BCEA-4D9CEB99D2DF}.Release|Any CPU.Build.0 = Release|Any CPU
		{AE14B088-99E1-468F-BCEA-4D9CEB99D2DF}.Release|x64.ActiveCfg = Release|Any CPU
		{AE14B088-99E1-468F-BCEA-4D9CEB99D2DF}.Release|x64.Build.0 = Release|Any CPU
		{AE14B088-99E1-468F-BCEA-4D9CEB99D2DF}.Release|x86.ActiveCfg = Release|Any CPU
		{AE14B088-99E1-468F-BCEA-4D9CEB99D2DF}.Release|x86.Build.0 = Release|Any CPU
	EndGlobalSection
	GlobalSection(NestedProjects) = preSolution
	EndGlobalSection
EndGlobal
